
Microsoft Visual Studio Solution File, Format Version 12.00
# Visual Studio Version 17
VisualStudioVersion = 17.6.33723.286
MinimumVisualStudioVersion = 10.0.40219.1
Project("{FAE04EC0-301F-11D3-BF4B-00C04F79EFBC}") = "MovicesApi", "MovicesApi\MovicesApi.csproj", "{92295A4B-D8C3-4160-B30F-2D2F51515A4C}"
EndProject
Global
	GlobalSection(SolutionConfigurationPlatforms) = preSolution
		Debug|Any CPU = Debug|Any CPU
		Release|Any CPU = Release|Any CPU
	EndGlobalSection
	GlobalSection(ProjectConfigurationPlatforms) = postSolution
		{92295A4B-D8C3-4160-B30F-2D2F51515A4C}.Debug|Any CPU.ActiveCfg = Debug|Any CPU
		{92295A4B-D8C3-4160-B30F-2D2F51515A4C}.Debug|Any CPU.Build.0 = Debug|Any CPU
		{92295A4B-D8C3-4160-B30F-2D2F51515A4C}.Release|Any CPU.ActiveCfg = Release|Any CPU
		{92295A4B-D8C3-4160-B30F-2D2F51515A4C}.Release|Any CPU.Build.0 = Release|Any CPU
	EndGlobalSection
	GlobalSection(SolutionProperties) = preSolution
		HideSolutionNode = FALSE
	EndGlobalSection
	GlobalSection(ExtensibilityGlobals) = postSolution
		SolutionGuid = {71BBD0DF-47B1-47C7-BB7F-29F56824A330}
	EndGlobalSection
EndGlobal
